{
  "name": "n-api-experiments",
  "version": "1.0.0",
  "lockfileVersion": 1,
  "requires": true,
  "dependencies": {
    "jpeg-js": {
      "version": "0.3.5",
      "resolved": "https://registry.npmjs.org/jpeg-js/-/jpeg-js-0.3.5.tgz",
      "integrity": "sha512-hvaExqwmQDS8O9qnZAVDXGWU43Tbu1V0wMZmjROjT11jloSgGICZpscG+P6Nyi1BVAvyu2ARRx8qmEW30sxgdQ=="
    },
    "node-addon-api": {
      "version": "1.6.3",
      "resolved": "https://registry.npmjs.org/node-addon-api/-/node-addon-api-1.6.3.tgz",
      "integrity": "sha512-FXWH6mqjWgU8ewuahp4spec8LkroFZK2NicOv6bNwZC3kcwZUI8LeZdG80UzTSLLhK4T7MsgNwlYDVRlDdfTDg=="
    },
    "opencv.js": {
      "version": "1.2.1",
      "resolved": "https://registry.npmjs.org/opencv.js/-/opencv.js-1.2.1.tgz",
      "integrity": "sha512-+ji5Pk3eyz+RRSeZr2kLZNJpjsKoGyPJOjFWng7+Cuq9ylHakBqJMxDGlBW1+qdju3k8DadWOiHJ6JaF28UpKA=="
    }
  }
}
